
Microsoft Visual Studio Solution File, Format Version 12.00
# Visual Studio Version 17
VisualStudioVersion = 17.0.31903.59
MinimumVisualStudioVersion = 10.0.40219.1
Project("{2150E333-8FDC-42A3-9474-1A3956D46DE8}") = "src", "src", "{6286001E-7285-4CE1-B829-E234680CE0FD}"
EndProject
Project("{FAE04EC0-301F-11D3-BF4B-00C04F79EFBC}") = "Motorcito.Obd", "src\Motorcito.Obd\Motorcito.Obd.csproj", "{B6CC81CE-A6A2-4508-B536-0D647488B0AC}"
EndProject
Project("{2150E333-8FDC-42A3-9474-1A3956D46DE8}") = "tests", "tests", "{6D8F76E7-A299-466C-B2EF-5B7EBCCBAB78}"
EndProject
Project("{FAE04EC0-301F-11D3-BF4B-00C04F79EFBC}") = "Motorcito.Obd.Tests", "tests\Motorcito.Obd.Tests\Motorcito.Obd.Tests.csproj", "{05F44B6B-FC36-411A-8AAB-9FC832DDC5AF}"
EndProject
Project("{FAE04EC0-301F-11D3-BF4B-00C04F79EFBC}") = "Motorcito.App", "src\Motorcito.App\Motorcito.App.csproj", "{581585A9-8BE0-4355-A9C1-7BAFE8467BA2}"
EndProject
Project("{FAE04EC0-301F-11D3-BF4B-00C04F79EFBC}") = "Motorcito.Data", "src\Motorcito.Data\Motorcito.Data.csproj", "{D8508DF5-4B6B-4293-819B-FD5F2FE0BF3F}"
EndProject
Project("{FAE04EC0-301F-11D3-BF4B-00C04F79EFBC}") = "Motorcito.Data.Tests", "tests\Motorcito.Data.Tests\Motorcito.Data.Tests.csproj", "{20027130-EEAE-448D-8A23-325A5FC7797D}"
EndProject
Global
	GlobalSection(SolutionConfigurationPlatforms) = preSolution
		Debug|Any CPU = Debug|Any CPU
		Debug|x64 = Debug|x64
		Debug|x86 = Debug|x86
		Release|Any CPU = Release|Any CPU
		Release|x64 = Release|x64
		Release|x86 = Release|x86
	EndGlobalSection
	GlobalSection(ProjectConfigurationPlatforms) = postSolution
		{B6CC81CE-A6A2-4508-B536-0D647488B0AC}.Debug|Any CPU.ActiveCfg = Debug|Any CPU
		{B6CC81CE-A6A2-4508-B536-0D647488B0AC}.Debug|Any CPU.Build.0 = Debug|Any CPU
		{B6CC81CE-A6A2-4508-B536-0D647488B0AC}.Debug|x64.ActiveCfg = Debug|Any CPU
		{B6CC81CE-A6A2-4508-B536-0D647488B0AC}.Debug|x64.Build.0 = Debug|Any CPU
		{B6CC81CE-A6A2-4508-B536-0D647488B0AC}.Debug|x86.ActiveCfg = Debug|Any CPU
		{B6CC81CE-A6A2-4508-B536-0D647488B0AC}.Debug|x86.Build.0 = Debug|Any CPU
		{B6CC81CE-A6A2-4508-B536-0D647488B0AC}.Release|Any CPU.ActiveCfg = Release|Any CPU
		{B6CC81CE-A6A2-4508-B536-0D647488B0AC}.Release|Any CPU.Build.0 = Release|Any CPU
		{B6CC81CE-A6A2-4508-B536-0D647488B0AC}.Release|x64.ActiveCfg = Release|Any CPU
		{B6CC81CE-A6A2-4508-B536-0D647488B0AC}.Release|x64.Build.0 = Release|Any CPU
		{B6CC81CE-A6A2-4508-B536-0D647488B0AC}.Release|x86.ActiveCfg = Release|Any CPU
		{B6CC81CE-A6A2-4508-B536-0D647488B0AC}.Release|x86.Build.0 = Release|Any CPU
		{05F44B6B-FC36-411A-8AAB-9FC832DDC5AF}.Debug|Any CPU.ActiveCfg = Debug|Any CPU
		{05F44B6B-FC36-411A-8AAB-9FC832DDC5AF}.Debug|Any CPU.Build.0 = Debug|Any CPU
		{05F44B6B-FC36-411A-8AAB-9FC832DDC5AF}.Debug|x64.ActiveCfg = Debug|Any CPU
		{05F44B6B-FC36-411A-8AAB-9FC832DDC5AF}.Debug|x64.Build.0 = Debug|Any CPU
		{05F44B6B-FC36-411A-8AAB-9FC832DDC5AF}.Debug|x86.ActiveCfg = Debug|Any CPU
		{05F44B6B-FC36-411A-8AAB-9FC832DDC5AF}.Debug|x86.Build.0 = Debug|Any CPU
		{05F44B6B-FC36-411A-8AAB-9FC832DDC5AF}.Release|Any CPU.ActiveCfg = Release|Any CPU
		{05F44B6B-FC36-411A-8AAB-9FC832DDC5AF}.Release|Any CPU.Build.0 = Release|Any CPU
		{05F44B6B-FC36-411A-8AAB-9FC832DDC5AF}.Release|x64.ActiveCfg = Release|Any CPU
		{05F44B6B-FC36-411A-8AAB-9FC832DDC5AF}.Release|x64.Build.0 = Release|Any CPU
		{05F44B6B-FC36-411A-8AAB-9FC832DDC5AF}.Release|x86.ActiveCfg = Release|Any CPU
		{05F44B6B-FC36-411A-8AAB-9FC832DDC5AF}.Release|x86.Build.0 = Release|Any CPU
		{581585A9-8BE0-4355-A9C1-7BAFE8467BA2}.Debug|Any CPU.ActiveCfg = Debug|Any CPU
		{581585A9-8BE0-4355-A9C1-7BAFE8467BA2}.Debug|Any CPU.Build.0 = Debug|Any CPU
		{581585A9-8BE0-4355-A9C1-7BAFE8467BA2}.Debug|x64.ActiveCfg = Debug|Any CPU
		{581585A9-8BE0-4355-A9C1-7BAFE8467BA2}.Debug|x64.Build.0 = Debug|Any CPU
		{581585A9-8BE0-4355-A9C1-7BAFE8467BA2}.Debug|x86.ActiveCfg = Debug|Any CPU
		{581585A9-8BE0-4355-A9C1-7BAFE8467BA2}.Debug|x86.Build.0 = Debug|Any CPU
		{581585A9-8BE0-4355-A9C1-7BAFE8467BA2}.Release|Any CPU.ActiveCfg = Release|Any CPU
		{581585A9-8BE0-4355-A9C1-7BAFE8467BA2}.Release|Any CPU.Build.0 = Release|Any CPU
		{581585A9-8BE0-4355-A9C1-7BAFE8467BA2}.Release|x64.ActiveCfg = Release|Any CPU
		{581585A9-8BE0-4355-A9C1-7BAFE8467BA2}.Release|x64.Build.0 = Release|Any CPU
		{581585A9-8BE0-4355-A9C1-7BAFE8467BA2}.Release|x86.ActiveCfg = Release|Any CPU
		{581585A9-8BE0-4355-A9C1-7BAFE8467BA2}.Release|x86.Build.0 = Release|Any CPU
		{D8508DF5-4B6B-4293-819B-FD5F2FE0BF3F}.Debug|Any CPU.ActiveCfg = Debug|Any CPU
		{D8508DF5-4B6B-4293-819B-FD5F2FE0BF3F}.Debug|Any CPU.Build.0 = Debug|Any CPU
		{D8508DF5-4B6B-4293-819B-FD5F2FE0BF3F}.Debug|x64.ActiveCfg = Debug|Any CPU
		{D8508DF5-4B6B-4293-819B-FD5F2FE0BF3F}.Debug|x64.Build.0 = Debug|Any CPU
		{D8508DF5-4B6B-4293-819B-FD5F2FE0BF3F}.Debug|x86.ActiveCfg = Debug|Any CPU
		{D8508DF5-4B6B-4293-819B-FD5F2FE0BF3F}.Debug|x86.Build.0 = Debug|Any CPU
		{D8508DF5-4B6B-4293-819B-FD5F2FE0BF3F}.Release|Any CPU.ActiveCfg = Release|Any CPU
		{D8508DF5-4B6B-4293-819B-FD5F2FE0BF3F}.Release|Any CPU.Build.0 = Release|Any CPU
		{D8508DF5-4B6B-4293-819B-FD5F2FE0BF3F}.Release|x64.ActiveCfg = Release|Any CPU
		{D8508DF5-4B6B-4293-819B-FD5F2FE0BF3F}.Release|x64.Build.0 = Release|Any CPU
		{D8508DF5-4B6B-4293-819B-FD5F2FE0BF3F}.Release|x86.ActiveCfg = Release|Any CPU
		{D8508DF5-4B6B-4293-819B-FD5F2FE0BF3F}.Release|x86.Build.0 = Release|Any CPU
		{20027130-EEAE-448D-8A23-325A5FC7797D}.Debug|Any CPU.ActiveCfg = Debug|Any CPU
		{20027130-EEAE-448D-8A23-325A5FC7797D}.Debug|Any CPU.Build.0 = Debug|Any CPU
		{20027130-EEAE-448D-8A23-325A5FC7797D}.Debug|x64.ActiveCfg = Debug|Any CPU
		{20027130-EEAE-448D-8A23-325A5FC7797D}.Debug|x64.Build.0 = Debug|Any CPU
		{20027130-EEAE-448D-8A23-325A5FC7797D}.Debug|x86.ActiveCfg = Debug|Any CPU
		{20027130-EEAE-448D-8A23-325A5FC7797D}.Debug|x86.Build.0 = Debug|Any CPU
		{20027130-EEAE-448D-8A23-325A5FC7797D}.Release|Any CPU.ActiveCfg = Release|Any CPU
		{20027130-EEAE-448D-8A23-325A5FC7797D}.Release|Any CPU.Build.0 = Release|Any CPU
		{20027130-EEAE-448D-8A23-325A5FC7797D}.Release|x64.ActiveCfg = Release|Any CPU
		{20027130-EEAE-448D-8A23-325A5FC7797D}.Release|x64.Build.0 = Release|Any CPU
		{20027130-EEAE-448D-8A23-325A5FC7797D}.Release|x86.ActiveCfg = Release|Any CPU
		{20027130-EEAE-448D-8A23-325A5FC7797D}.Release|x86.Build.0 = Release|Any CPU
	EndGlobalSection
	GlobalSection(SolutionProperties) = preSolution
		HideSolutionNode = FALSE
	EndGlobalSection
	GlobalSection(NestedProjects) = preSolution
		{B6CC81CE-A6A2-4508-B536-0D647488B0AC} = {6286001E-7285-4CE1-B829-E234680CE0FD}
		{05F44B6B-FC36-411A-8AAB-9FC832DDC5AF} = {6D8F76E7-A299-466C-B2EF-5B7EBCCBAB78}
		{581585A9-8BE0-4355-A9C1-7BAFE8467BA2} = {6286001E-7285-4CE1-B829-E234680CE0FD}
		{D8508DF5-4B6B-4293-819B-FD5F2FE0BF3F} = {6286001E-7285-4CE1-B829-E234680CE0FD}
		{20027130-EEAE-448D-8A23-325A5FC7797D} = {6D8F76E7-A299-466C-B2EF-5B7EBCCBAB78}
	EndGlobalSection
EndGlobal
